<?xml version="1.0" encoding="utf-8"?>
<Project ToolsVersion="4.0" xmlns="http://schemas.microsoft.com/developer/msbuild/2003">
  <ItemGroup>
    <ClInclude Include="main.hpp" />
    <ClInclude Include="sdk.hpp">
      <Filter>sdk</Filter>
    </ClInclude>
    <ClInclude Include="entity.hpp">
      <Filter>sdk</Filter>
    </ClInclude>
    <ClInclude Include="vmt.hpp" />
    <ClInclude Include="crc32.hpp">
      <Filter>sdk</Filter>
    </ClInclude>
    <ClInclude Include="utils.hpp">
      <Filter>utils</Filter>
    </ClInclude>
  </ItemGroup>
  <ItemGroup>
    <Filter Include="sdk">
      <UniqueIdentifier>{4e661dfa-bfb9-43fa-8e12-83c7d066eba9}</UniqueIdentifier>
    </Filter>
    <Filter Include="utils">
      <UniqueIdentifier>{8f45ebe9-4690-4dfb-8587-988f25ff1b88}</UniqueIdentifier>
    </Filter>
  </ItemGroup>
  <ItemGroup>
    <ClCompile Include="main.cpp" />
    <ClCompile Include="crc32.cpp">
      <Filter>sdk</Filter>
    </ClCompile>
    <ClCompile Include="entity.cpp">
      <Filter>sdk</Filter>
    </ClCompile>
    <ClCompile Include="utils.cpp">
      <Filter>utils</Filter>
    </ClCompile>
  </ItemGroup>
</Project>